
Microsoft Visual Studio Solution File, Format Version 12.00
# Visual Studio Version 16
VisualStudioVersion = 16.0.30104.148
MinimumVisualStudioVersion = 10.0.40219.1
Project("{FAE04EC0-301F-11D3-BF4B-00C04F79EFBC}") = "Cadastro-basico", "Cadastro-basico\Cadastro-basico.csproj", "{F1371309-DBF9-4AA5-AC4D-0355310E584C}"
EndProject
Global
	GlobalSection(SolutionConfigurationPlatforms) = preSolution
		Debug|Any CPU = Debug|Any CPU
		Release|Any CPU = Release|Any CPU
	EndGlobalSection
	GlobalSection(ProjectConfigurationPlatforms) = postSolution
		{F1371309-DBF9-4AA5-AC4D-0355310E584C}.Debug|Any CPU.ActiveCfg = Debug|Any CPU
		{F1371309-DBF9-4AA5-AC4D-0355310E584C}.Debug|Any CPU.Build.0 = Debug|Any CPU
		{F1371309-DBF9-4AA5-AC4D-0355310E584C}.Release|Any CPU.ActiveCfg = Release|Any CPU
		{F1371309-DBF9-4AA5-AC4D-0355310E584C}.Release|Any CPU.Build.0 = Release|Any CPU
	EndGlobalSection
	GlobalSection(SolutionProperties) = preSolution
		HideSolutionNode = FALSE
	EndGlobalSection
	GlobalSection(ExtensibilityGlobals) = postSolution
		SolutionGuid = {9BF7CA9F-3A0A-4AC9-A943-F3E9184BE3F5}
	EndGlobalSection
EndGlobal
